
Microsoft Visual Studio Solution File, Format Version 12.00
# Visual Studio Version 17
VisualStudioVersion = 17.9.34616.47
MinimumVisualStudioVersion = 10.0.40219.1
Project("{9A19103F-16F7-4668-BE54-9A1E7A4F7556}") = "SteamSharp", "SteamSharp\SteamSharp.csproj", "{7DCDECC6-0C87-417E-A5DE-A2ED9CBA7092}"
EndProject
Project("{FAE04EC0-301F-11D3-BF4B-00C04F79EFBC}") = "SteamSharp.MSTest", "SteamSharp.MSTest\SteamSharp.MSTest.csproj", "{A169A851-3FA8-4D5D-A7B7-EB7B361CFA2F}"
EndProject
Global
	GlobalSection(SolutionConfigurationPlatforms) = preSolution
		Debug|Any CPU = Debug|Any CPU
		Release|Any CPU = Release|Any CPU
	EndGlobalSection
	GlobalSection(ProjectConfigurationPlatforms) = postSolution
		{7DCDECC6-0C87-417E-A5DE-A2ED9CBA7092}.Debug|Any CPU.ActiveCfg = Debug|Any CPU
		{7DCDECC6-0C87-417E-A5DE-A2ED9CBA7092}.Debug|Any CPU.Build.0 = Debug|Any CPU
		{7DCDECC6-0C87-417E-A5DE-A2ED9CBA7092}.Release|Any CPU.ActiveCfg = Release|Any CPU
		{7DCDECC6-0C87-417E-A5DE-A2ED9CBA7092}.Release|Any CPU.Build.0 = Release|Any CPU
		{A169A851-3FA8-4D5D-A7B7-EB7B361CFA2F}.Debug|Any CPU.ActiveCfg = Debug|Any CPU
		{A169A851-3FA8-4D5D-A7B7-EB7B361CFA2F}.Debug|Any CPU.Build.0 = Debug|Any CPU
		{A169A851-3FA8-4D5D-A7B7-EB7B361CFA2F}.Release|Any CPU.ActiveCfg = Release|Any CPU
		{A169A851-3FA8-4D5D-A7B7-EB7B361CFA2F}.Release|Any CPU.Build.0 = Release|Any CPU
	EndGlobalSection
	GlobalSection(SolutionProperties) = preSolution
		HideSolutionNode = FALSE
	EndGlobalSection
	GlobalSection(ExtensibilityGlobals) = postSolution
		SolutionGuid = {AECB008A-8873-4894-8B4D-F6D48A35DD68}
	EndGlobalSection
EndGlobal
